// !$*UTF8*$!
{
	archiveVersion = 1;
	classes = {
	};
	objectVersion = 77;
	objects = {

/* Begin PBXContainerItemProxy section */
		FB46B9DF2F598EAD006BBF42 /* PBXContainerItemProxy */ = {
			isa = PBXContainerItemProxy;
			containerPortal = FB46B9C92F598EAC006BBF42 /* Project object */;
			proxyType = 1;
			remoteGlobalIDString = FB46B9D02F598EAC006BBF42;
			remoteInfo = s3_mount;
		};
		FB46B9E92F598EAD006BBF42 /* PBXContainerItemProxy */ = {
			isa = PBXContainerItemProxy;
			containerPortal = FB46B9C92F598EAC006BBF42 /* Project object */;
			proxyType = 1;
			remoteGlobalIDString = FB46B9D02F598EAC006BBF42;
			remoteInfo = s3_mount;
		};
/* End PBXContainerItemProxy section */

/* Begin PBXFileReference section */
		FB46B9D12F598EAC006BBF42 /* s3_mount.app */ = {isa = PBXFileReference; explicitFileType = wrapper.application; includeInIndex = 0; path = s3_mount.app; sourceTree = BUILT_PRODUCTS_DIR; };
		FB46B9DE2F598EAD006BBF42 /* s3_mountTests.xctest */ = {isa = PBXFileReference; explicitFileType = wrapper.cfbundle; includeInIndex = 0; path = s3_mountTests.xctest; sourceTree = BUILT_PRODUCTS_DIR; };
		FB46B9E82F598EAD006BBF42 /* s3_mountUITests.xctest */ = {isa = PBXFileReference; explicitFileType = wrapper.cfbundle; includeInIndex = 0; path = s3_mountUITests.xctest; sourceTree = BUILT_PRODUCTS_DIR; };
/* End PBXFileReference section */

/* Begin PBXFileSystemSynchronizedRootGroup section */
		FB46B9D32F598EAC006BBF42 /* s3_mount */ = {
			isa = PBXFileSystemSynchronizedRootGroup;
			path = s3_mount;
			sourceTree = "<group>";
		};
		FB46B9E12F598EAD006BBF42 /* s3_mountTests */ = {
			isa = PBXFileSystemSynchronizedRootGroup;
			path = s3_mountTests;
			sourceTree = "<group>";
		};
		FB46B9EB2F598EAD006BBF42 /* s3_mountUITests */ = {
			isa = PBXFileSystemSynchronizedRootGroup;
			path = s3_mountUITests;
			sourceTree = "<group>";
		};
/* End PBXFileSystemSynchronizedRootGroup section */

/* Begin PBXFrameworksBuildPhase section */
		FB46B9CE2F598EAC006BBF42 /* Frameworks */ = {
			isa = PBXFrameworksBuildPhase;
			buildActionMask = 2147483647;
			files = (
			);
			runOnlyForDeploymentPostprocessing = 0;
		};
		FB46B9DB2F598EAD006BBF42 /* Frameworks */ = {
			isa = PBXFrameworksBuildPhase;
			buildActionMask = 2147483647;
			files = (
			);
			runOnlyForDeploymentPostprocessing = 0;
		};
		FB46B9E52F598EAD006BBF42 /* Frameworks */ = {
			isa = PBXFrameworksBuildPhase;
			buildActionMask = 2147483647;
			files = (
			);
			runOnlyForDeploymentPostprocessing = 0;
		};
/* End PBXFrameworksBuildPhase section */

/* Begin PBXGroup section */
		FB46B9C82F598EAC006BBF42 = {
			isa = PBXGroup;
			children = (
				FB46B9D32F598EAC006BBF42 /* s3_mount */,
				FB46B9E12F598EAD006BBF42 /* s3_mountTests */,
				FB46B9EB2F598EAD006BBF42 /* s3_mountUITests */,
				FB46B9D22F598EAC006BBF42 /* Products */,
			);
			sourceTree = "<group>";
		};
		FB46B9D22F598EAC006BBF42 /* Products */ = {
			isa = PBXGroup;
			children = (
				FB46B9D12F598EAC006BBF42 /* s3_mount.app */,
				FB46B9DE2F598EAD006BBF42 /* s3_mountTests.xctest */,
				FB46B9E82F598EAD006BBF42 /* s3_mountUITests.xctest */,
			);
			name = Products;
			sourceTree = "<group>";
		};
/* End PBXGroup section */

/* Begin PBXNativeTarget section */
		FB46B9D02F598EAC006BBF42 /* s3_mount */ = {
			isa = PBXNativeTarget;
			buildConfigurationList = FB46B9F22F598EAD006BBF42 /* Build configuration list for PBXNativeTarget "s3_mount" */;
			buildPhases = (
				FB46B9CD2F598EAC006BBF42 /* Sources */,
				FB46B9CE2F598EAC006BBF42 /* Frameworks */,
				FB46B9CF2F598EAC006BBF42 /* Resources */,
			);
			buildRules = (
			);
			dependencies = (
			);
			fileSystemSynchronizedGroups = (
				FB46B9D32F598EAC006BBF42 /* s3_mount */,
			);
			name = s3_mount;
			packageProductDependencies = (
			);
			productName = s3_mount;
			productReference = FB46B9D12F598EAC006BBF42 /* s3_mount.app */;
			productType = "com.apple.product-type.application";
		};
		FB46B9DD2F598EAD006BBF42 /* s3_mountTests */ = {
			isa = PBXNativeTarget;
			buildConfigurationList = FB46B9F52F598EAD006BBF42 /* Build configuration list for PBXNativeTarget "s3_mountTests" */;
			buildPhases = (
				FB46B9DA2F598EAD006BBF42 /* Sources */,
				FB46B9DB2F598EAD006BBF42 /* Frameworks */,
				FB46B9DC2F598EAD006BBF42 /* Resources */,
			);
			buildRules = (
			);
			dependencies = (
				FB46B9E02F598EAD006BBF42 /* PBXTargetDependency */,
			);
			fileSystemSynchronizedGroups = (
				FB46B9E12F598EAD006BBF42 /* s3_mountTests */,
			);
			name = s3_mountTests;
			packageProductDependencies = (
			);
			productName = s3_mountTests;
			productReference = FB46B9DE2F598EAD006BBF42 /* s3_mountTests.xctest */;
			productType = "com.apple.product-type.bundle.unit-test";
		};
		FB46B9E72F598EAD006BBF42 /* s3_mountUITests */ = {
			isa = PBXNativeTarget;
			buildConfigurationList = FB46B9F82F598EAD006BBF42 /* Build configuration list for PBXNativeTarget "s3_mountUITests" */;
			buildPhases = (
				FB46B9E42F598EAD006BBF42 /* Sources */,
				FB46B9E52F598EAD006BBF42 /* Frameworks */,
				FB46B9E62F598EAD006BBF42 /* Resources */,
			);
			buildRules = (
			);
			dependencies = (
				FB46B9EA2F598EAD006BBF42 /* PBXTargetDependency */,
			);
			fileSystemSynchronizedGroups = (
				FB46B9EB2F598EAD006BBF42 /* s3_mountUITests */,
			);
			name = s3_mountUITests;
			packageProductDependencies = (
			);
			productName = s3_mountUITests;
			productReference = FB46B9E82F598EAD006BBF42 /* s3_mountUITests.xctest */;
			productType = "com.apple.product-type.bundle.ui-testing";
		};
/* End PBXNativeTarget section */

/* Begin PBXProject section */
		FB46B9C92F598EAC006BBF42 /* Project object */ = {
			isa = PBXProject;
			attributes = {
				BuildIndependentTargetsInParallel = 1;
				LastSwiftUpdateCheck = 2630;
				LastUpgradeCheck = 2630;
				TargetAttributes = {
					FB46B9D02F598EAC006BBF42 = {
						CreatedOnToolsVersion = 26.3;
					};
					FB46B9DD2F598EAD006BBF42 = {
						CreatedOnToolsVersion = 26.3;
						TestTargetID = FB46B9D02F598EAC006BBF42;
					};
					FB46B9E72F598EAD006BBF42 = {
						CreatedOnToolsVersion = 26.3;
						TestTargetID = FB46B9D02F598EAC006BBF42;
					};
				};
			};
			buildConfigurationList = FB46B9CC2F598EAC006BBF42 /* Build configuration list for PBXProject "s3_mount" */;
			developmentRegion = en;
			hasScannedForEncodings = 0;
			knownRegions = (
				en,
				Base,
			);
			mainGroup = FB46B9C82F598EAC006BBF42;
			minimizedProjectReferenceProxies = 1;
			preferredProjectObjectVersion = 77;
			productRefGroup = FB46B9D22F598EAC006BBF42 /* Products */;
			projectDirPath = "";
			projectRoot = "";
			targets = (
				FB46B9D02F598EAC006BBF42 /* s3_mount */,
				FB46B9DD2F598EAD006BBF42 /* s3_mountTests */,
				FB46B9E72F598EAD006BBF42 /* s3_mountUITests */,
			);
		};
/* End PBXProject section */

/* Begin PBXResourcesBuildPhase section */
		FB46B9CF2F598EAC006BBF42 /* Resources */ = {
			isa = PBXResourcesBuildPhase;
			buildActionMask = 2147483647;
			files = (
			);
			runOnlyForDeploymentPostprocessing = 0;
		};
		FB46B9DC2F598EAD006BBF42 /* Resources */ = {
			isa = PBXResourcesBuildPhase;
			buildActionMask = 2147483647;
			files = (
			);
			runOnlyForDeploymentPostprocessing = 0;
		};
		FB46B9E62F598EAD006BBF42 /* Resources */ = {
			isa = PBXResourcesBuildPhase;
			buildActionMask = 2147483647;
			files = (
			);
			runOnlyForDeploymentPostprocessing = 0;
		};
/* End PBXResourcesBuildPhase section */

/* Begin PBXSourcesBuildPhase section */
		FB46B9CD2F598EAC006BBF42 /* Sources */ = {
			isa = PBXSourcesBuildPhase;
			buildActionMask = 2147483647;
			files = (
			);
			runOnlyForDeploymentPostprocessing = 0;
		};
		FB46B9DA2F598EAD006BBF42 /* Sources */ = {
			isa = PBXSourcesBuildPhase;
			buildActionMask = 2147483647;
			files = (
			);
			runOnlyForDeploymentPostprocessing = 0;
		};
		FB46B9E42F598EAD006BBF42 /* Sources */ = {
			isa = PBXSourcesBuildPhase;
			buildActionMask = 2147483647;
			files = (
			);
			runOnlyForDeploymentPostprocessing = 0;
		};
/* End PBXSourcesBuildPhase section */

/* Begin PBXTargetDependency section */
		FB46B9E02F598EAD006BBF42 /* PBXTargetDependency */ = {
			isa = PBXTargetDependency;
			target = FB46B9D02F598EAC006BBF42 /* s3_mount */;
			targetProxy = FB46B9DF2F598EAD006BBF42 /* PBXContainerItemProxy */;
		};
		FB46B9EA2F598EAD006BBF42 /* PBXTargetDependency */ = {
			isa = PBXTargetDependency;
			target = FB46B9D02F598EAC006BBF42 /* s3_mount */;
			targetProxy = FB46B9E92F598EAD006BBF42 /* PBXContainerItemProxy */;
		};
/* End PBXTargetDependency section */

/* Begin XCBuildConfiguration section */
		FB46B9F02F598EAD006BBF42 /* Debug */ = {
			isa = XCBuildConfiguration;
			buildSettings = {
				ALWAYS_SEARCH_USER_PATHS = NO;
				ASSETCATALOG_COMPILER_GENERATE_SWIFT_ASSET_SYMBOL_EXTENSIONS = YES;
				CLANG_ANALYZER_NONNULL = YES;
				CLANG_ANALYZER_NUMBER_OBJECT_CONVERSION = YES_AGGRESSIVE;
				CLANG_CXX_LANGUAGE_STANDARD = "gnu++20";
				CLANG_ENABLE_MODULES = YES;
				CLANG_ENABLE_OBJC_ARC = YES;
				CLANG_ENABLE_OBJC_WEAK = YES;
				CLANG_WARN_BLOCK_CAPTURE_AUTORELEASING = YES;
				CLANG_WARN_BOOL_CONVERSION = YES;
				CLANG_WARN_COMMA = YES;
				CLANG_WARN_CONSTANT_CONVERSION = YES;
				CLANG_WARN_DEPRECATED_OBJC_IMPLEMENTATIONS = YES;
				CLANG_WARN_DIRECT_OBJC_ISA_USAGE = YES_ERROR;
				CLANG_WARN_DOCUMENTATION_COMMENTS = YES;
				CLANG_WARN_EMPTY_BODY = YES;
				CLANG_WARN_ENUM_CONVERSION = YES;
				CLANG_WARN_INFINITE_RECURSION = YES;
				CLANG_WARN_INT_CONVERSION = YES;
				CLANG_WARN_NON_LITERAL_NULL_CONVERSION = YES;
				CLANG_WARN_OBJC_IMPLICIT_RETAIN_SELF = YES;
				CLANG_WARN_OBJC_LITERAL_CONVERSION = YES;
				CLANG_WARN_OBJC_ROOT_CLASS = YES_ERROR;
				CLANG_WARN_QUOTED_INCLUDE_IN_FRAMEWORK_HEADER = YES;
				CLANG_WARN_RANGE_LOOP_ANALYSIS = YES;
				CLANG_WARN_STRICT_PROTOTYPES = YES;
				CLANG_WARN_SUSPICIOUS_MOVE = YES;
				CLANG_WARN_UNGUARDED_AVAILABILITY = YES_AGGRESSIVE;
				CLANG_WARN_UNREACHABLE_CODE = YES;
				CLANG_WARN__DUPLICATE_METHOD_MATCH = YES;
				COPY_PHASE_STRIP = NO;
				DEBUG_INFORMATION_FORMAT = dwarf;
				DEVELOPMENT_TEAM = FH852G5TN6;
				ENABLE_STRICT_OBJC_MSGSEND = YES;
				ENABLE_TESTABILITY = YES;
				ENABLE_USER_SCRIPT_SANDBOXING = YES;
				GCC_C_LANGUAGE_STANDARD = gnu17;
				GCC_DYNAMIC_NO_PIC = NO;
				GCC_NO_COMMON_BLOCKS = YES;
				GCC_OPTIMIZATION_LEVEL = 0;
				GCC_PREPROCESSOR_DEFINITIONS = (
					"DEBUG=1",
					"$(inherited)",
				);
				GCC_WARN_64_TO_32_BIT_CONVERSION = YES;
				GCC_WARN_ABOUT_RETURN_TYPE = YES_ERROR;
				GCC_WARN_UNDECLARED_SELECTOR = YES;
				GCC_WARN_UNINITIALIZED_AUTOS = YES_AGGRESSIVE;
				GCC_WARN_UNUSED_FUNCTION = YES;
				GCC_WARN_UNUSED_VARIABLE = YES;
				LOCALIZATION_PREFERS_STRING_CATALOGS = YES;
				MACOSX_DEPLOYMENT_TARGET = 26.2;
				MTL_ENABLE_DEBUG_INFO = INCLUDE_SOURCE;
				MTL_FAST_MATH = YES;
				ONLY_ACTIVE_ARCH = YES;
				SDKROOT = macosx;
				SWIFT_ACTIVE_COMPILATION_CONDITIONS = "DEBUG $(inherited)";
				SWIFT_OPTIMIZATION_LEVEL = "-Onone";
			};
			name = Debug;
		};
		FB46B9F12F598EAD006BBF42 /* Release */ = {
			isa = XCBuildConfiguration;
			buildSettings = {
				ALWAYS_SEARCH_USER_PATHS = NO;
				ASSETCATALOG_COMPILER_GENERATE_SWIFT_ASSET_SYMBOL_EXTENSIONS = YES;
				CLANG_ANALYZER_NONNULL = YES;
				CLANG_ANALYZER_NUMBER_OBJECT_CONVERSION = YES_AGGRESSIVE;
				CLANG_CXX_LANGUAGE_STANDARD = "gnu++20";
				CLANG_ENABLE_MODULES = YES;
				CLANG_ENABLE_OBJC_ARC = YES;
				CLANG_ENABLE_OBJC_WEAK = YES;
				CLANG_WARN_BLOCK_CAPTURE_AUTORELEASING = YES;
				CLANG_WARN_BOOL_CONVERSION = YES;
				CLANG_WARN_COMMA = YES;
				CLANG_WARN_CONSTANT_CONVERSION = YES;
				CLANG_WARN_DEPRECATED_OBJC_IMPLEMENTATIONS = YES;
				CLANG_WARN_DIRECT_OBJC_ISA_USAGE = YES_ERROR;
				CLANG_WARN_DOCUMENTATION_COMMENTS = YES;
				CLANG_WARN_EMPTY_BODY = YES;
				CLANG_WARN_ENUM_CONVERSION = YES;
				CLANG_WARN_INFINITE_RECURSION = YES;
				CLANG_WARN_INT_CONVERSION = YES;
				CLANG_WARN_NON_LITERAL_NULL_CONVERSION = YES;
				CLANG_WARN_OBJC_IMPLICIT_RETAIN_SELF = YES;
				CLANG_WARN_OBJC_LITERAL_CONVERSION = YES;
				CLANG_WARN_OBJC_ROOT_CLASS = YES_ERROR;
				CLANG_WARN_QUOTED_INCLUDE_IN_FRAMEWORK_HEADER = YES;
				CLANG_WARN_RANGE_LOOP_ANALYSIS = YES;
				CLANG_WARN_STRICT_PROTOTYPES = YES;
				CLANG_WARN_SUSPICIOUS_MOVE = YES;
				CLANG_WARN_UNGUARDED_AVAILABILITY = YES_AGGRESSIVE;
				CLANG_WARN_UNREACHABLE_CODE = YES;
				CLANG_WARN__DUPLICATE_METHOD_MATCH = YES;
				COPY_PHASE_STRIP = NO;
				DEBUG_INFORMATION_FORMAT = "dwarf-with-dsym";
				DEVELOPMENT_TEAM = FH852G5TN6;
				ENABLE_NS_ASSERTIONS = NO;
				ENABLE_STRICT_OBJC_MSGSEND = YES;
				ENABLE_USER_SCRIPT_SANDBOXING = YES;
				GCC_C_LANGUAGE_STANDARD = gnu17;
				GCC_NO_COMMON_BLOCKS = YES;
				GCC_WARN_64_TO_32_BIT_CONVERSION = YES;
				GCC_WARN_ABOUT_RETURN_TYPE = YES_ERROR;
				GCC_WARN_UNDECLARED_SELECTOR = YES;
				GCC_WARN_UNINITIALIZED_AUTOS = YES_AGGRESSIVE;
				GCC_WARN_UNUSED_FUNCTION = YES;
				GCC_WARN_UNUSED_VARIABLE = YES;
				LOCALIZATION_PREFERS_STRING_CATALOGS = YES;
				MACOSX_DEPLOYMENT_TARGET = 26.2;
				MTL_ENABLE_DEBUG_INFO = NO;
				MTL_FAST_MATH = YES;
				SDKROOT = macosx;
				SWIFT_COMPILATION_MODE = wholemodule;
			};
			name = Release;
		};
		FB46B9F32F598EAD006BBF42 /* Debug */ = {
			isa = XCBuildConfiguration;
			buildSettings = {
				ASSETCATALOG_COMPILER_APPICON_NAME = AppIcon;
				ASSETCATALOG_COMPILER_GLOBAL_ACCENT_COLOR_NAME = AccentColor;
				CODE_SIGN_ENTITLEMENTS = s3_mount/s3_mount.entitlements;
				CODE_SIGN_STYLE = Automatic;
				COMBINE_HIDPI_IMAGES = YES;
				CURRENT_PROJECT_VERSION = 1;
				DEVELOPMENT_TEAM = FH852G5TN6;
				ENABLE_HARDENED_RUNTIME = YES;
				ENABLE_PREVIEWS = YES;
				GENERATE_INFOPLIST_FILE = YES;
				INFOPLIST_KEY_NSHumanReadableCopyright = "";
				LD_RUNPATH_SEARCH_PATHS = (
					"$(inherited)",
					"@executable_path/../Frameworks",
				);
				MARKETING_VERSION = 1.0;
				PRODUCT_BUNDLE_IDENTIFIER = "com.test-rb.s3-mount";
				PRODUCT_NAME = "$(TARGET_NAME)";
				REGISTER_APP_GROUPS = YES;
				STRING_CATALOG_GENERATE_SYMBOLS = YES;
				SWIFT_APPROACHABLE_CONCURRENCY = YES;
				SWIFT_DEFAULT_ACTOR_ISOLATION = MainActor;
				SWIFT_EMIT_LOC_STRINGS = YES;
				SWIFT_UPCOMING_FEATURE_MEMBER_IMPORT_VISIBILITY = YES;
				SWIFT_VERSION = 5.0;
			};
			name = Debug;
		};
		FB46B9F42F598EAD006BBF42 /* Release */ = {
			isa = XCBuildConfiguration;
			buildSettings = {
				ASSETCATALOG_COMPILER_APPICON_NAME = AppIcon;
				ASSETCATALOG_COMPILER_GLOBAL_ACCENT_COLOR_NAME = AccentColor;
				CODE_SIGN_ENTITLEMENTS = s3_mount/s3_mount.entitlements;
				CODE_SIGN_STYLE = Automatic;
				COMBINE_HIDPI_IMAGES = YES;
				CURRENT_PROJECT_VERSION = 1;
				DEVELOPMENT_TEAM = FH852G5TN6;
				ENABLE_HARDENED_RUNTIME = YES;
				ENABLE_PREVIEWS = YES;
				GENERATE_INFOPLIST_FILE = YES;
				INFOPLIST_KEY_NSHumanReadableCopyright = "";
				LD_RUNPATH_SEARCH_PATHS = (
					"$(inherited)",
					"@executable_path/../Frameworks",
				);
				MARKETING_VERSION = 1.0;
				PRODUCT_BUNDLE_IDENTIFIER = "com.test-rb.s3-mount";
				PRODUCT_NAME = "$(TARGET_NAME)";
				REGISTER_APP_GROUPS = YES;
				STRING_CATALOG_GENERATE_SYMBOLS = YES;
				SWIFT_APPROACHABLE_CONCURRENCY = YES;
				SWIFT_DEFAULT_ACTOR_ISOLATION = MainActor;
				SWIFT_EMIT_LOC_STRINGS = YES;
				SWIFT_UPCOMING_FEATURE_MEMBER_IMPORT_VISIBILITY = YES;
				SWIFT_VERSION = 5.0;
			};
			name = Release;
		};
		FB46B9F62F598EAD006BBF42 /* Debug */ = {
			isa = XCBuildConfiguration;
			buildSettings = {
				BUNDLE_LOADER = "$(TEST_HOST)";
				CODE_SIGN_STYLE = Automatic;
				CURRENT_PROJECT_VERSION = 1;
				DEVELOPMENT_TEAM = FH852G5TN6;
				GENERATE_INFOPLIST_FILE = YES;
				MACOSX_DEPLOYMENT_TARGET = 26.2;
				MARKETING_VERSION = 1.0;
				PRODUCT_BUNDLE_IDENTIFIER = "com.test-rb.s3-mountTests";
				PRODUCT_NAME = "$(TARGET_NAME)";
				STRING_CATALOG_GENERATE_SYMBOLS = NO;
				SWIFT_APPROACHABLE_CONCURRENCY = YES;
				SWIFT_EMIT_LOC_STRINGS = NO;
				SWIFT_UPCOMING_FEATURE_MEMBER_IMPORT_VISIBILITY = YES;
				SWIFT_VERSION = 5.0;
				TEST_HOST = "$(BUILT_PRODUCTS_DIR)/s3_mount.app/$(BUNDLE_EXECUTABLE_FOLDER_PATH)/s3_mount";
			};
			name = Debug;
		};
		FB46B9F72F598EAD006BBF42 /* Release */ = {
			isa = XCBuildConfiguration;
			buildSettings = {
				BUNDLE_LOADER = "$(TEST_HOST)";
				CODE_SIGN_STYLE = Automatic;
				CURRENT_PROJECT_VERSION = 1;
				DEVELOPMENT_TEAM = FH852G5TN6;
				GENERATE_INFOPLIST_FILE = YES;
				MACOSX_DEPLOYMENT_TARGET = 26.2;
				MARKETING_VERSION = 1.0;
				PRODUCT_BUNDLE_IDENTIFIER = "com.test-rb.s3-mountTests";
				PRODUCT_NAME = "$(TARGET_NAME)";
				STRING_CATALOG_GENERATE_SYMBOLS = NO;
				SWIFT_APPROACHABLE_CONCURRENCY = YES;
				SWIFT_EMIT_LOC_STRINGS = NO;
				SWIFT_UPCOMING_FEATURE_MEMBER_IMPORT_VISIBILITY = YES;
				SWIFT_VERSION = 5.0;
				TEST_HOST = "$(BUILT_PRODUCTS_DIR)/s3_mount.app/$(BUNDLE_EXECUTABLE_FOLDER_PATH)/s3_mount";
			};
			name = Release;
		};
		FB46B9F92F598EAD006BBF42 /* Debug */ = {
			isa = XCBuildConfiguration;
			buildSettings = {
				CODE_SIGN_STYLE = Automatic;
				CURRENT_PROJECT_VERSION = 1;
				DEVELOPMENT_TEAM = FH852G5TN6;
				GENERATE_INFOPLIST_FILE = YES;
				MARKETING_VERSION = 1.0;
				PRODUCT_BUNDLE_IDENTIFIER = "com.test-rb.s3-mountUITests";
				PRODUCT_NAME = "$(TARGET_NAME)";
				STRING_CATALOG_GENERATE_SYMBOLS = NO;
				SWIFT_APPROACHABLE_CONCURRENCY = YES;
				SWIFT_EMIT_LOC_STRINGS = NO;
				SWIFT_UPCOMING_FEATURE_MEMBER_IMPORT_VISIBILITY = YES;
				SWIFT_VERSION = 5.0;
				TEST_TARGET_NAME = s3_mount;
			};
			name = Debug;
		};
		FB46B9FA2F598EAD006BBF42 /* Release */ = {
			isa = XCBuildConfiguration;
			buildSettings = {
				CODE_SIGN_STYLE = Automatic;
				CURRENT_PROJECT_VERSION = 1;
				DEVELOPMENT_TEAM = FH852G5TN6;
				GENERATE_INFOPLIST_FILE = YES;
				MARKETING_VERSION = 1.0;
				PRODUCT_BUNDLE_IDENTIFIER = "com.test-rb.s3-mountUITests";
				PRODUCT_NAME = "$(TARGET_NAME)";
				STRING_CATALOG_GENERATE_SYMBOLS = NO;
				SWIFT_APPROACHABLE_CONCURRENCY = YES;
				SWIFT_EMIT_LOC_STRINGS = NO;
				SWIFT_UPCOMING_FEATURE_MEMBER_IMPORT_VISIBILITY = YES;
				SWIFT_VERSION = 5.0;
				TEST_TARGET_NAME = s3_mount;
			};
			name = Release;
		};
/* End XCBuildConfiguration section */

/* Begin XCConfigurationList section */
		FB46B9CC2F598EAC006BBF42 /* Build configuration list for PBXProject "s3_mount" */ = {
			isa = XCConfigurationList;
			buildConfigurations = (
				FB46B9F02F598EAD006BBF42 /* Debug */,
				FB46B9F12F598EAD006BBF42 /* Release */,
			);
			defaultConfigurationIsVisible = 0;
			defaultConfigurationName = Release;
		};
		FB46B9F22F598EAD006BBF42 /* Build configuration list for PBXNativeTarget "s3_mount" */ = {
			isa = XCConfigurationList;
			buildConfigurations = (
				FB46B9F32F598EAD006BBF42 /* Debug */,
				FB46B9F42F598EAD006BBF42 /* Release */,
			);
			defaultConfigurationIsVisible = 0;
			defaultConfigurationName = Release;
		};
		FB46B9F52F598EAD006BBF42 /* Build configuration list for PBXNativeTarget "s3_mountTests" */ = {
			isa = XCConfigurationList;
			buildConfigurations = (
				FB46B9F62F598EAD006BBF42 /* Debug */,
				FB46B9F72F598EAD006BBF42 /* Release */,
			);
			defaultConfigurationIsVisible = 0;
			defaultConfigurationName = Release;
		};
		FB46B9F82F598EAD006BBF42 /* Build configuration list for PBXNativeTarget "s3_mountUITests" */ = {
			isa = XCConfigurationList;
			buildConfigurations = (
				FB46B9F92F598EAD006BBF42 /* Debug */,
				FB46B9FA2F598EAD006BBF42 /* Release */,
			);
			defaultConfigurationIsVisible = 0;
			defaultConfigurationName = Release;
		};
/* End XCConfigurationList section */
	};
	rootObject = FB46B9C92F598EAC006BBF42 /* Project object */;
}
